// !$*UTF8*$!
{
	archiveVersion = 1;
	classes = {
	};
	objectVersion = 48;
	objects = {

/* Begin PBXBuildFile section */
		89AD5EB21FCAF5DE00F82AF2 /* AppDelegate.swift in Sources */ = {isa = PBXBuildFile; fileRef = 89AD5EB11FCAF5DE00F82AF2 /* AppDelegate.swift */; };
		89AD5EB41FCAF5DE00F82AF2 /* CategoriesVC.swift in Sources */ = {isa = PBXBuildFile; fileRef = 89AD5EB31FCAF5DE00F82AF2 /* CategoriesVC.swift */; };
		89AD5EB71FCAF5DE00F82AF2 /* Main.storyboard in Resources */ = {isa = PBXBuildFile; fileRef = 89AD5EB51FCAF5DE00F82AF2 /* Main.storyboard */; };
		89AD5EB91FCAF5DE00F82AF2 /* Assets.xcassets in Resources */ = {isa = PBXBuildFile; fileRef = 89AD5EB81FCAF5DE00F82AF2 /* Assets.xcassets */; };
		89AD5EBC1FCAF5DE00F82AF2 /* LaunchScreen.storyboard in Resources */ = {isa = PBXBuildFile; fileRef = 89AD5EBA1FCAF5DE00F82AF2 /* LaunchScreen.storyboard */; };
		89AD5EC71FCAF5DE00F82AF2 /* swagTests.swift in Sources */ = {isa = PBXBuildFile; fileRef = 89AD5EC61FCAF5DE00F82AF2 /* swagTests.swift */; };
		89AD5ED21FCAF5DE00F82AF2 /* swagUITests.swift in Sources */ = {isa = PBXBuildFile; fileRef = 89AD5ED11FCAF5DE00F82AF2 /* swagUITests.swift */; };
		89C1654A1FCB001300E59D4D /* CategoryCell.swift in Sources */ = {isa = PBXBuildFile; fileRef = 89C165491FCB001300E59D4D /* CategoryCell.swift */; };
		89C1654C1FCB02C100E59D4D /* Category.swift in Sources */ = {isa = PBXBuildFile; fileRef = 89C1654B1FCB02C100E59D4D /* Category.swift */; };
		89C1654F1FCB044C00E59D4D /* DataService.swift in Sources */ = {isa = PBXBuildFile; fileRef = 89C1654E1FCB044C00E59D4D /* DataService.swift */; };
		89C165511FCB1E8700E59D4D /* ProductCell.swift in Sources */ = {isa = PBXBuildFile; fileRef = 89C165501FCB1E8700E59D4D /* ProductCell.swift */; };
/* End PBXBuildFile section */

/* Begin PBXContainerItemProxy section */
		89AD5EC31FCAF5DE00F82AF2 /* PBXContainerItemProxy */ = {
			isa = PBXContainerItemProxy;
			containerPortal = 89AD5EA61FCAF5DD00F82AF2 /* Project object */;
			proxyType = 1;
			remoteGlobalIDString = 89AD5EAD1FCAF5DD00F82AF2;
			remoteInfo = swag;
		};
		89AD5ECE1FCAF5DE00F82AF2 /* PBXContainerItemProxy */ = {
			isa = PBXContainerItemProxy;
			containerPortal = 89AD5EA61FCAF5DD00F82AF2 /* Project object */;
			proxyType = 1;
			remoteGlobalIDString = 89AD5EAD1FCAF5DD00F82AF2;
			remoteInfo = swag;
		};
/* End PBXContainerItemProxy section */

/* Begin PBXFileReference section */
		89AD5EAE1FCAF5DE00F82AF2 /* swag.app */ = {isa = PBXFileReference; explicitFileType = wrapper.application; includeInIndex = 0; path = swag.app; sourceTree = BUILT_PRODUCTS_DIR; };
		89AD5EB11FCAF5DE00F82AF2 /* AppDelegate.swift */ = {isa = PBXFileReference; lastKnownFileType = sourcecode.swift; path = AppDelegate.swift; sourceTree = "<group>"; };
		89AD5EB31FCAF5DE00F82AF2 /* CategoriesVC.swift */ = {isa = PBXFileReference; lastKnownFileType = sourcecode.swift; path = CategoriesVC.swift; sourceTree = "<group>"; };
		89AD5EB61FCAF5DE00F82AF2 /* Base */ = {isa = PBXFileReference; lastKnownFileType = file.storyboard; name = Base; path = Base.lproj/Main.storyboard; sourceTree = "<group>"; };
		89AD5EB81FCAF5DE00F82AF2 /* Assets.xcassets */ = {isa = PBXFileReference; lastKnownFileType = folder.assetcatalog; path = Assets.xcassets; sourceTree = "<group>"; };
		89AD5EBB1FCAF5DE00F82AF2 /* Base */ = {isa = PBXFileReference; lastKnownFileType = file.storyboard; name = Base; path = Base.lproj/LaunchScreen.storyboard; sourceTree = "<group>"; };
		89AD5EBD1FCAF5DE00F82AF2 /* Info.plist */ = {isa = PBXFileReference; lastKnownFileType = text.plist.xml; path = Info.plist; sourceTree = "<group>"; };
		89AD5EC21FCAF5DE00F82AF2 /* swagTests.xctest */ = {isa = PBXFileReference; explicitFileType = wrapper.cfbundle; includeInIndex = 0; path = swagTests.xctest; sourceTree = BUILT_PRODUCTS_DIR; };
		89AD5EC61FCAF5DE00F82AF2 /* swagTests.swift */ = {isa = PBXFileReference; lastKnownFileType = sourcecode.swift; path = swagTests.swift; sourceTree = "<group>"; };
		89AD5EC81FCAF5DE00F82AF2 /* Info.plist */ = {isa = PBXFileReference; lastKnownFileType = text.plist.xml; path = Info.plist; sourceTree = "<group>"; };
		89AD5ECD1FCAF5DE00F82AF2 /* swagUITests.xctest */ = {isa = PBXFileReference; explicitFileType = wrapper.cfbundle; includeInIndex = 0; path = swagUITests.xctest; sourceTree = BUILT_PRODUCTS_DIR; };
		89AD5ED11FCAF5DE00F82AF2 /* swagUITests.swift */ = {isa = PBXFileReference; lastKnownFileType = sourcecode.swift; path = swagUITests.swift; sourceTree = "<group>"; };
		89AD5ED31FCAF5DE00F82AF2 /* Info.plist */ = {isa = PBXFileReference; lastKnownFileType = text.plist.xml; path = Info.plist; sourceTree = "<group>"; };
		89C165491FCB001300E59D4D /* CategoryCell.swift */ = {isa = PBXFileReference; lastKnownFileType = sourcecode.swift; path = CategoryCell.swift; sourceTree = "<group>"; };
		89C1654B1FCB02C100E59D4D /* Category.swift */ = {isa = PBXFileReference; lastKnownFileType = sourcecode.swift; path = Category.swift; sourceTree = "<group>"; };
		89C1654E1FCB044C00E59D4D /* DataService.swift */ = {isa = PBXFileReference; lastKnownFileType = sourcecode.swift; path = DataService.swift; sourceTree = "<group>"; };
		89C165501FCB1E8700E59D4D /* ProductCell.swift */ = {isa = PBXFileReference; lastKnownFileType = sourcecode.swift; path = ProductCell.swift; sourceTree = "<group>"; };
/* End PBXFileReference section */

/* Begin PBXFrameworksBuildPhase section */
		89AD5EAB1FCAF5DD00F82AF2 /* Frameworks */ = {
			isa = PBXFrameworksBuildPhase;
			buildActionMask = 2147483647;
			files = (
			);
			runOnlyForDeploymentPostprocessing = 0;
		};
		89AD5EBF1FCAF5DE00F82AF2 /* Frameworks */ = {
			isa = PBXFrameworksBuildPhase;
			buildActionMask = 2147483647;
			files = (
			);
			runOnlyForDeploymentPostprocessing = 0;
		};
		89AD5ECA1FCAF5DE00F82AF2 /* Frameworks */ = {
			isa = PBXFrameworksBuildPhase;
			buildActionMask = 2147483647;
			files = (
			);
			runOnlyForDeploymentPostprocessing = 0;
		};
/* End PBXFrameworksBuildPhase section */

/* Begin PBXGroup section */
		89AD5EA51FCAF5DD00F82AF2 = {
			isa = PBXGroup;
			children = (
				89AD5EB01FCAF5DE00F82AF2 /* swag */,
				89AD5EC51FCAF5DE00F82AF2 /* swagTests */,
				89AD5ED01FCAF5DE00F82AF2 /* swagUITests */,
				89AD5EAF1FCAF5DE00F82AF2 /* Products */,
			);
			sourceTree = "<group>";
		};
		89AD5EAF1FCAF5DE00F82AF2 /* Products */ = {
			isa = PBXGroup;
			children = (
				89AD5EAE1FCAF5DE00F82AF2 /* swag.app */,
				89AD5EC21FCAF5DE00F82AF2 /* swagTests.xctest */,
				89AD5ECD1FCAF5DE00F82AF2 /* swagUITests.xctest */,
			);
			name = Products;
			sourceTree = "<group>";
		};
		89AD5EB01FCAF5DE00F82AF2 /* swag */ = {
			isa = PBXGroup;
			children = (
				89C1654D1FCB044200E59D4D /* Services */,
				89C165481FCAFF9800E59D4D /* View */,
				89C165471FCAFF9300E59D4D /* Model */,
				89C165461FCAFF8D00E59D4D /* Controller */,
				89AD5EB11FCAF5DE00F82AF2 /* AppDelegate.swift */,
				89AD5EB51FCAF5DE00F82AF2 /* Main.storyboard */,
				89AD5EB81FCAF5DE00F82AF2 /* Assets.xcassets */,
				89AD5EBA1FCAF5DE00F82AF2 /* LaunchScreen.storyboard */,
				89AD5EBD1FCAF5DE00F82AF2 /* Info.plist */,
			);
			path = swag;
			sourceTree = "<group>";
		};
		89AD5EC51FCAF5DE00F82AF2 /* swagTests */ = {
			isa = PBXGroup;
			children = (
				89AD5EC61FCAF5DE00F82AF2 /* swagTests.swift */,
				89AD5EC81FCAF5DE00F82AF2 /* Info.plist */,
			);
			path = swagTests;
			sourceTree = "<group>";
		};
		89AD5ED01FCAF5DE00F82AF2 /* swagUITests */ = {
			isa = PBXGroup;
			children = (
				89AD5ED11FCAF5DE00F82AF2 /* swagUITests.swift */,
				89AD5ED31FCAF5DE00F82AF2 /* Info.plist */,
			);
			path = swagUITests;
			sourceTree = "<group>";
		};
		89C165461FCAFF8D00E59D4D /* Controller */ = {
			isa = PBXGroup;
			children = (
				89AD5EB31FCAF5DE00F82AF2 /* CategoriesVC.swift */,
			);
			path = Controller;
			sourceTree = "<group>";
		};
		89C165471FCAFF9300E59D4D /* Model */ = {
			isa = PBXGroup;
			children = (
				89C1654B1FCB02C100E59D4D /* Category.swift */,
			);
			path = Model;
			sourceTree = "<group>";
		};
		89C165481FCAFF9800E59D4D /* View */ = {
			isa = PBXGroup;
			children = (
				89C165491FCB001300E59D4D /* CategoryCell.swift */,
				89C165501FCB1E8700E59D4D /* ProductCell.swift */,
			);
			path = View;
			sourceTree = "<group>";
		};
		89C1654D1FCB044200E59D4D /* Services */ = {
			isa = PBXGroup;
			children = (
				89C1654E1FCB044C00E59D4D /* DataService.swift */,
			);
			path = Services;
			sourceTree = "<group>";
		};
/* End PBXGroup section */

/* Begin PBXNativeTarget section */
		89AD5EAD1FCAF5DD00F82AF2 /* swag */ = {
			isa = PBXNativeTarget;
			buildConfigurationList = 89AD5ED61FCAF5DE00F82AF2 /* Build configuration list for PBXNativeTarget "swag" */;
			buildPhases = (
				89AD5EAA1FCAF5DD00F82AF2 /* Sources */,
				89AD5EAB1FCAF5DD00F82AF2 /* Frameworks */,
				89AD5EAC1FCAF5DD00F82AF2 /* Resources */,
			);
			buildRules = (
			);
			dependencies = (
			);
			name = swag;
			productName = swag;
			productReference = 89AD5EAE1FCAF5DE00F82AF2 /* swag.app */;
			productType = "com.apple.product-type.application";
		};
		89AD5EC11FCAF5DE00F82AF2 /* swagTests */ = {
			isa = PBXNativeTarget;
			buildConfigurationList = 89AD5ED91FCAF5DE00F82AF2 /* Build configuration list for PBXNativeTarget "swagTests" */;
			buildPhases = (
				89AD5EBE1FCAF5DE00F82AF2 /* Sources */,
				89AD5EBF1FCAF5DE00F82AF2 /* Frameworks */,
				89AD5EC01FCAF5DE00F82AF2 /* Resources */,
			);
			buildRules = (
			);
			dependencies = (
				89AD5EC41FCAF5DE00F82AF2 /* PBXTargetDependency */,
			);
			name = swagTests;
			productName = swagTests;
			productReference = 89AD5EC21FCAF5DE00F82AF2 /* swagTests.xctest */;
			productType = "com.apple.product-type.bundle.unit-test";
		};
		89AD5ECC1FCAF5DE00F82AF2 /* swagUITests */ = {
			isa = PBXNativeTarget;
			buildConfigurationList = 89AD5EDC1FCAF5DE00F82AF2 /* Build configuration list for PBXNativeTarget "swagUITests" */;
			buildPhases = (
				89AD5EC91FCAF5DE00F82AF2 /* Sources */,
				89AD5ECA1FCAF5DE00F82AF2 /* Frameworks */,
				89AD5ECB1FCAF5DE00F82AF2 /* Resources */,
			);
			buildRules = (
			);
			dependencies = (
				89AD5ECF1FCAF5DE00F82AF2 /* PBXTargetDependency */,
			);
			name = swagUITests;
			productName = swagUITests;
			productReference = 89AD5ECD1FCAF5DE00F82AF2 /* swagUITests.xctest */;
			productType = "com.apple.product-type.bundle.ui-testing";
		};
/* End PBXNativeTarget section */

/* Begin PBXProject section */
		89AD5EA61FCAF5DD00F82AF2 /* Project object */ = {
			isa = PBXProject;
			attributes = {
				LastSwiftUpdateCheck = 0910;
				LastUpgradeCheck = 0910;
				ORGANIZATIONNAME = "Ervin Pepic";
				TargetAttributes = {
					89AD5EAD1FCAF5DD00F82AF2 = {
						CreatedOnToolsVersion = 9.1;
						ProvisioningStyle = Automatic;
					};
					89AD5EC11FCAF5DE00F82AF2 = {
						CreatedOnToolsVersion = 9.1;
						ProvisioningStyle = Automatic;
						TestTargetID = 89AD5EAD1FCAF5DD00F82AF2;
					};
					89AD5ECC1FCAF5DE00F82AF2 = {
						CreatedOnToolsVersion = 9.1;
						ProvisioningStyle = Automatic;
						TestTargetID = 89AD5EAD1FCAF5DD00F82AF2;
					};
				};
			};
			buildConfigurationList = 89AD5EA91FCAF5DD00F82AF2 /* Build configuration list for PBXProject "swag" */;
			compatibilityVersion = "Xcode 8.0";
			developmentRegion = en;
			hasScannedForEncodings = 0;
			knownRegions = (
				en,
				Base,
			);
			mainGroup = 89AD5EA51FCAF5DD00F82AF2;
			productRefGroup = 89AD5EAF1FCAF5DE00F82AF2 /* Products */;
			projectDirPath = "";
			projectRoot = "";
			targets = (
				89AD5EAD1FCAF5DD00F82AF2 /* swag */,
				89AD5EC11FCAF5DE00F82AF2 /* swagTests */,
				89AD5ECC1FCAF5DE00F82AF2 /* swagUITests */,
			);
		};
/* End PBXProject section */

/* Begin PBXResourcesBuildPhase section */
		89AD5EAC1FCAF5DD00F82AF2 /* Resources */ = {
			isa = PBXResourcesBuildPhase;
			buildActionMask = 2147483647;
			files = (
				89AD5EBC1FCAF5DE00F82AF2 /* LaunchScreen.storyboard in Resources */,
				89AD5EB91FCAF5DE00F82AF2 /* Assets.xcassets in Resources */,
				89AD5EB71FCAF5DE00F82AF2 /* Main.storyboard in Resources */,
			);
			runOnlyForDeploymentPostprocessing = 0;
		};
		89AD5EC01FCAF5DE00F82AF2 /* Resources */ = {
			isa = PBXResourcesBuildPhase;
			buildActionMask = 2147483647;
			files = (
			);
			runOnlyForDeploymentPostprocessing = 0;
		};
		89AD5ECB1FCAF5DE00F82AF2 /* Resources */ = {
			isa = PBXResourcesBuildPhase;
			buildActionMask = 2147483647;
			files = (
			);
			runOnlyForDeploymentPostprocessing = 0;
		};
/* End PBXResourcesBuildPhase section */

/* Begin PBXSourcesBuildPhase section */
		89AD5EAA1FCAF5DD00F82AF2 /* Sources */ = {
			isa = PBXSourcesBuildPhase;
			buildActionMask = 2147483647;
			files = (
				89AD5EB41FCAF5DE00F82AF2 /* CategoriesVC.swift in Sources */,
				89C1654A1FCB001300E59D4D /* CategoryCell.swift in Sources */,
				89AD5EB21FCAF5DE00F82AF2 /* AppDelegate.swift in Sources */,
				89C165511FCB1E8700E59D4D /* ProductCell.swift in Sources */,
				89C1654C1FCB02C100E59D4D /* Category.swift in Sources */,
				89C1654F1FCB044C00E59D4D /* DataService.swift in Sources */,
			);
			runOnlyForDeploymentPostprocessing = 0;
		};
		89AD5EBE1FCAF5DE00F82AF2 /* Sources */ = {
			isa = PBXSourcesBuildPhase;
			buildActionMask = 2147483647;
			files = (
				89AD5EC71FCAF5DE00F82AF2 /* swagTests.swift in Sources */,
			);
			runOnlyForDeploymentPostprocessing = 0;
		};
		89AD5EC91FCAF5DE00F82AF2 /* Sources */ = {
			isa = PBXSourcesBuildPhase;
			buildActionMask = 2147483647;
			files = (
				89AD5ED21FCAF5DE00F82AF2 /* swagUITests.swift in Sources */,
			);
			runOnlyForDeploymentPostprocessing = 0;
		};
/* End PBXSourcesBuildPhase section */

/* Begin PBXTargetDependency section */
		89AD5EC41FCAF5DE00F82AF2 /* PBXTargetDependency */ = {
			isa = PBXTargetDependency;
			target = 89AD5EAD1FCAF5DD00F82AF2 /* swag */;
			targetProxy = 89AD5EC31FCAF5DE00F82AF2 /* PBXContainerItemProxy */;
		};
		89AD5ECF1FCAF5DE00F82AF2 /* PBXTargetDependency */ = {
			isa = PBXTargetDependency;
			target = 89AD5EAD1FCAF5DD00F82AF2 /* swag */;
			targetProxy = 89AD5ECE1FCAF5DE00F82AF2 /* PBXContainerItemProxy */;
		};
/* End PBXTargetDependency section */

/* Begin PBXVariantGroup section */
		89AD5EB51FCAF5DE00F82AF2 /* Main.storyboard */ = {
			isa = PBXVariantGroup;
			children = (
				89AD5EB61FCAF5DE00F82AF2 /* Base */,
			);
			name = Main.storyboard;
			sourceTree = "<group>";
		};
		89AD5EBA1FCAF5DE00F82AF2 /* LaunchScreen.storyboard */ = {
			isa = PBXVariantGroup;
			children = (
				89AD5EBB1FCAF5DE00F82AF2 /* Base */,
			);
			name = LaunchScreen.storyboard;
			sourceTree = "<group>";
		};
/* End PBXVariantGroup section */

/* Begin XCBuildConfiguration section */
		89AD5ED41FCAF5DE00F82AF2 /* Debug */ = {
			isa = XCBuildConfiguration;
			buildSettings = {
				ALWAYS_SEARCH_USER_PATHS = NO;
				CLANG_ANALYZER_NONNULL = YES;
				CLANG_ANALYZER_NUMBER_OBJECT_CONVERSION = YES_AGGRESSIVE;
				CLANG_CXX_LANGUAGE_STANDARD = "gnu++14";
				CLANG_CXX_LIBRARY = "libc++";
				CLANG_ENABLE_MODULES = YES;
				CLANG_ENABLE_OBJC_ARC = YES;
				CLANG_WARN_BLOCK_CAPTURE_AUTORELEASING = YES;
				CLANG_WARN_BOOL_CONVERSION = YES;
				CLANG_WARN_COMMA = YES;
				CLANG_WARN_CONSTANT_CONVERSION = YES;
				CLANG_WARN_DIRECT_OBJC_ISA_USAGE = YES_ERROR;
				CLANG_WARN_DOCUMENTATION_COMMENTS = YES;
				CLANG_WARN_EMPTY_BODY = YES;
				CLANG_WARN_ENUM_CONVERSION = YES;
				CLANG_WARN_INFINITE_RECURSION = YES;
				CLANG_WARN_INT_CONVERSION = YES;
				CLANG_WARN_NON_LITERAL_NULL_CONVERSION = YES;
				CLANG_WARN_OBJC_LITERAL_CONVERSION = YES;
				CLANG_WARN_OBJC_ROOT_CLASS = YES_ERROR;
				CLANG_WARN_RANGE_LOOP_ANALYSIS = YES;
				CLANG_WARN_STRICT_PROTOTYPES = YES;
				CLANG_WARN_SUSPICIOUS_MOVE = YES;
				CLANG_WARN_UNGUARDED_AVAILABILITY = YES_AGGRESSIVE;
				CLANG_WARN_UNREACHABLE_CODE = YES;
				CLANG_WARN__DUPLICATE_METHOD_MATCH = YES;
				CODE_SIGN_IDENTITY = "iPhone Developer";
				COPY_PHASE_STRIP = NO;
				DEBUG_INFORMATION_FORMAT = dwarf;
				ENABLE_STRICT_OBJC_MSGSEND = YES;
				ENABLE_TESTABILITY = YES;
				GCC_C_LANGUAGE_STANDARD = gnu11;
				GCC_DYNAMIC_NO_PIC = NO;
				GCC_NO_COMMON_BLOCKS = YES;
				GCC_OPTIMIZATION_LEVEL = 0;
				GCC_PREPROCESSOR_DEFINITIONS = (
					"DEBUG=1",
					"$(inherited)",
				);
				GCC_WARN_64_TO_32_BIT_CONVERSION = YES;
				GCC_WARN_ABOUT_RETURN_TYPE = YES_ERROR;
				GCC_WARN_UNDECLARED_SELECTOR = YES;
				GCC_WARN_UNINITIALIZED_AUTOS = YES_AGGRESSIVE;
				GCC_WARN_UNUSED_FUNCTION = YES;
				GCC_WARN_UNUSED_VARIABLE = YES;
				IPHONEOS_DEPLOYMENT_TARGET = 11.1;
				MTL_ENABLE_DEBUG_INFO = YES;
				ONLY_ACTIVE_ARCH = YES;
				SDKROOT = iphoneos;
				SWIFT_ACTIVE_COMPILATION_CONDITIONS = DEBUG;
				SWIFT_OPTIMIZATION_LEVEL = "-Onone";
			};
			name = Debug;
		};
		89AD5ED51FCAF5DE00F82AF2 /* Release */ = {
			isa = XCBuildConfiguration;
			buildSettings = {
				ALWAYS_SEARCH_USER_PATHS = NO;
				CLANG_ANALYZER_NONNULL = YES;
				CLANG_ANALYZER_NUMBER_OBJECT_CONVERSION = YES_AGGRESSIVE;
				CLANG_CXX_LANGUAGE_STANDARD = "gnu++14";
				CLANG_CXX_LIBRARY = "libc++";
				CLANG_ENABLE_MODULES = YES;
				CLANG_ENABLE_OBJC_ARC = YES;
				CLANG_WARN_BLOCK_CAPTURE_AUTORELEASING = YES;
				CLANG_WARN_BOOL_CONVERSION = YES;
				CLANG_WARN_COMMA = YES;
				CLANG_WARN_CONSTANT_CONVERSION = YES;
				CLANG_WARN_DIRECT_OBJC_ISA_USAGE = YES_ERROR;
				CLANG_WARN_DOCUMENTATION_COMMENTS = YES;
				CLANG_WARN_EMPTY_BODY = YES;
				CLANG_WARN_ENUM_CONVERSION = YES;
				CLANG_WARN_INFINITE_RECURSION = YES;
				CLANG_WARN_INT_CONVERSION = YES;
				CLANG_WARN_NON_LITERAL_NULL_CONVERSION = YES;
				CLANG_WARN_OBJC_LITERAL_CONVERSION = YES;
				CLANG_WARN_OBJC_ROOT_CLASS = YES_ERROR;
				CLANG_WARN_RANGE_LOOP_ANALYSIS = YES;
				CLANG_WARN_STRICT_PROTOTYPES = YES;
				CLANG_WARN_SUSPICIOUS_MOVE = YES;
				CLANG_WARN_UNGUARDED_AVAILABILITY = YES_AGGRESSIVE;
				CLANG_WARN_UNREACHABLE_CODE = YES;
				CLANG_WARN__DUPLICATE_METHOD_MATCH = YES;
				CODE_SIGN_IDENTITY = "iPhone Developer";
				COPY_PHASE_STRIP = NO;
				DEBUG_INFORMATION_FORMAT = "dwarf-with-dsym";
				ENABLE_NS_ASSERTIONS = NO;
				ENABLE_STRICT_OBJC_MSGSEND = YES;
				GCC_C_LANGUAGE_STANDARD = gnu11;
				GCC_NO_COMMON_BLOCKS = YES;
				GCC_WARN_64_TO_32_BIT_CONVERSION = YES;
				GCC_WARN_ABOUT_RETURN_TYPE = YES_ERROR;
				GCC_WARN_UNDECLARED_SELECTOR = YES;
				GCC_WARN_UNINITIALIZED_AUTOS = YES_AGGRESSIVE;
				GCC_WARN_UNUSED_FUNCTION = YES;
				GCC_WARN_UNUSED_VARIABLE = YES;
				IPHONEOS_DEPLOYMENT_TARGET = 11.1;
				MTL_ENABLE_DEBUG_INFO = NO;
				SDKROOT = iphoneos;
				SWIFT_OPTIMIZATION_LEVEL = "-Owholemodule";
				VALIDATE_PRODUCT = YES;
			};
			name = Release;
		};
		89AD5ED71FCAF5DE00F82AF2 /* Debug */ = {
			isa = XCBuildConfiguration;
			buildSettings = {
				ASSETCATALOG_COMPILER_APPICON_NAME = AppIcon;
				CODE_SIGN_STYLE = Automatic;
				DEVELOPMENT_TEAM = 2AN56XY8NA;
				INFOPLIST_FILE = swag/Info.plist;
				LD_RUNPATH_SEARCH_PATHS = "$(inherited) @executable_path/Frameworks";
				PRODUCT_BUNDLE_IDENTIFIER = com.ervinpepic.swag;
				PRODUCT_NAME = "$(TARGET_NAME)";
				SWIFT_VERSION = 4.0;
				TARGETED_DEVICE_FAMILY = "1,2";
			};
			name = Debug;
		};
		89AD5ED81FCAF5DE00F82AF2 /* Release */ = {
			isa = XCBuildConfiguration;
			buildSettings = {
				ASSETCATALOG_COMPILER_APPICON_NAME = AppIcon;
				CODE_SIGN_STYLE = Automatic;
				DEVELOPMENT_TEAM = 2AN56XY8NA;
				INFOPLIST_FILE = swag/Info.plist;
				LD_RUNPATH_SEARCH_PATHS = "$(inherited) @executable_path/Frameworks";
				PRODUCT_BUNDLE_IDENTIFIER = com.ervinpepic.swag;
				PRODUCT_NAME = "$(TARGET_NAME)";
				SWIFT_VERSION = 4.0;
				TARGETED_DEVICE_FAMILY = "1,2";
			};
			name = Release;
		};
		89AD5EDA1FCAF5DE00F82AF2 /* Debug */ = {
			isa = XCBuildConfiguration;
			buildSettings = {
				ALWAYS_EMBED_SWIFT_STANDARD_LIBRARIES = YES;
				BUNDLE_LOADER = "$(TEST_HOST)";
				CODE_SIGN_STYLE = Automatic;
				INFOPLIST_FILE = swagTests/Info.plist;
				LD_RUNPATH_SEARCH_PATHS = "$(inherited) @executable_path/Frameworks @loader_path/Frameworks";
				PRODUCT_BUNDLE_IDENTIFIER = com.ervinpepic.swagTests;
				PRODUCT_NAME = "$(TARGET_NAME)";
				SWIFT_VERSION = 4.0;
				TARGETED_DEVICE_FAMILY = "1,2";
				TEST_HOST = "$(BUILT_PRODUCTS_DIR)/swag.app/swag";
			};
			name = Debug;
		};
		89AD5EDB1FCAF5DE00F82AF2 /* Release */ = {
			isa = XCBuildConfiguration;
			buildSettings = {
				ALWAYS_EMBED_SWIFT_STANDARD_LIBRARIES = YES;
				BUNDLE_LOADER = "$(TEST_HOST)";
				CODE_SIGN_STYLE = Automatic;
				INFOPLIST_FILE = swagTests/Info.plist;
				LD_RUNPATH_SEARCH_PATHS = "$(inherited) @executable_path/Frameworks @loader_path/Frameworks";
				PRODUCT_BUNDLE_IDENTIFIER = com.ervinpepic.swagTests;
				PRODUCT_NAME = "$(TARGET_NAME)";
				SWIFT_VERSION = 4.0;
				TARGETED_DEVICE_FAMILY = "1,2";
				TEST_HOST = "$(BUILT_PRODUCTS_DIR)/swag.app/swag";
			};
			name = Release;
		};
		89AD5EDD1FCAF5DE00F82AF2 /* Debug */ = {
			isa = XCBuildConfiguration;
			buildSettings = {
				ALWAYS_EMBED_SWIFT_STANDARD_LIBRARIES = YES;
				CODE_SIGN_STYLE = Automatic;
				INFOPLIST_FILE = swagUITests/Info.plist;
				LD_RUNPATH_SEARCH_PATHS = "$(inherited) @executable_path/Frameworks @loader_path/Frameworks";
				PRODUCT_BUNDLE_IDENTIFIER = com.ervinpepic.swagUITests;
				PRODUCT_NAME = "$(TARGET_NAME)";
				SWIFT_VERSION = 4.0;
				TARGETED_DEVICE_FAMILY = "1,2";
				TEST_TARGET_NAME = swag;
			};
			name = Debug;
		};
		89AD5EDE1FCAF5DE00F82AF2 /* Release */ = {
			isa = XCBuildConfiguration;
			buildSettings = {
				ALWAYS_EMBED_SWIFT_STANDARD_LIBRARIES = YES;
				CODE_SIGN_STYLE = Automatic;
				INFOPLIST_FILE = swagUITests/Info.plist;
				LD_RUNPATH_SEARCH_PATHS = "$(inherited) @executable_path/Frameworks @loader_path/Frameworks";
				PRODUCT_BUNDLE_IDENTIFIER = com.ervinpepic.swagUITests;
				PRODUCT_NAME = "$(TARGET_NAME)";
				SWIFT_VERSION = 4.0;
				TARGETED_DEVICE_FAMILY = "1,2";
				TEST_TARGET_NAME = swag;
			};
			name = Release;
		};
/* End XCBuildConfiguration section */

/* Begin XCConfigurationList section */
		89AD5EA91FCAF5DD00F82AF2 /* Build configuration list for PBXProject "swag" */ = {
			isa = XCConfigurationList;
			buildConfigurations = (
				89AD5ED41FCAF5DE00F82AF2 /* Debug */,
				89AD5ED51FCAF5DE00F82AF2 /* Release */,
			);
			defaultConfigurationIsVisible = 0;
			defaultConfigurationName = Release;
		};
		89AD5ED61FCAF5DE00F82AF2 /* Build configuration list for PBXNativeTarget "swag" */ = {
			isa = XCConfigurationList;
			buildConfigurations = (
				89AD5ED71FCAF5DE00F82AF2 /* Debug */,
				89AD5ED81FCAF5DE00F82AF2 /* Release */,
			);
			defaultConfigurationIsVisible = 0;
			defaultConfigurationName = Release;
		};
		89AD5ED91FCAF5DE00F82AF2 /* Build configuration list for PBXNativeTarget "swagTests" */ = {
			isa = XCConfigurationList;
			buildConfigurations = (
				89AD5EDA1FCAF5DE00F82AF2 /* Debug */,
				89AD5EDB1FCAF5DE00F82AF2 /* Release */,
			);
			defaultConfigurationIsVisible = 0;
			defaultConfigurationName = Release;
		};
		89AD5EDC1FCAF5DE00F82AF2 /* Build configuration list for PBXNativeTarget "swagUITests" */ = {
			isa = XCConfigurationList;
			buildConfigurations = (
				89AD5EDD1FCAF5DE00F82AF2 /* Debug */,
				89AD5EDE1FCAF5DE00F82AF2 /* Release */,
			);
			defaultConfigurationIsVisible = 0;
			defaultConfigurationName = Release;
		};
/* End XCConfigurationList section */
	};
	rootObject = 89AD5EA61FCAF5DD00F82AF2 /* Project object */;
}
